<?xml version="1.0" encoding="utf-8"?>
<Project ToolsVersion="4.0" xmlns="http://schemas.microsoft.com/developer/msbuild/2003">
  <ItemGroup>
    <Filter Include="Source Files">
      <UniqueIdentifier>{4FC737F1-C7A5-4376-A066-2A32D752A2FF}</UniqueIdentifier>
      <Extensions>cpp;c;cc;cxx;def;odl;idl;hpj;bat;asm;asmx</Extensions>
    </Filter>
    <Filter Include="Header Files">
      <UniqueIdentifier>{93995380-89BD-4b04-88EB-625FBE52EBFB}</UniqueIdentifier>
      <Extensions>h;hh;hpp;hxx;hm;inl;inc;xsd</Extensions>
    </Filter>
    <Filter Include="Resource Files">
      <UniqueIdentifier>{67DA6AB6-F800-4c08-8B7A-83BB121AAD01}</UniqueIdentifier>
      <Extensions>rc;ico;cur;bmp;dlg;rc2;rct;bin;rgs;gif;jpg;jpeg;jpe;resx;tiff;tif;png;wav;mfcribbon-ms</Extensions>
    </Filter>
    <Filter Include="Source Files\Scenes">
      <UniqueIdentifier>{abd77fdc-04ec-45af-b81e-b69f4e6cd3e1}</UniqueIdentifier>
    </Filter>
    <Filter Include="Header Files\Scenes">
      <UniqueIdentifier>{44567025-32a8-4394-8dcc-8a9d2c14b5d7}</UniqueIdentifier>
    </Filter>
    <Filter Include="Header Files\Base classes">
      <UniqueIdentifier>{01af1014-6e5a-4686-b245-acdabf99f5c5}</UniqueIdentifier>
    </Filter>
    <Filter Include="Source Files\Base classes">
      <UniqueIdentifier>{e681852a-d47e-4727-81fd-7a0e96d43562}</UniqueIdentifier>
    </Filter>
  </ItemGroup>
  <ItemGroup>
    <ClCompile Include="main.cpp">
      <Filter>Source Files</Filter>
    </ClCompile>
    <ClCompile Include="MainScene.cpp">
      <Filter>Source Files\Scenes</Filter>
    </ClCompile>
    <ClCompile Include="Scene.cpp">
      <Filter>Source Files\Base classes</Filter>
    </ClCompile>
    <ClCompile Include="SceneManager.cpp">
      <Filter>Source Files\Base classes</Filter>
    </ClCompile>
    <ClCompile Include="RPGSAEMMOApp.cpp">
      <Filter>Source Files\Base classes</Filter>
    </ClCompile>
  </ItemGroup>
  <ItemGroup>
    <ClInclude Include="MainScene.h">
      <Filter>Header Files\Scenes</Filter>
    </ClInclude>
    <ClInclude Include="Scene.h">
      <Filter>Header Files\Base classes</Filter>
    </ClInclude>
    <ClInclude Include="SceneManager.h">
      <Filter>Header Files\Base classes</Filter>
    </ClInclude>
    <ClInclude Include="RPGSAEMMOApp.h">
      <Filter>Header Files\Base classes</Filter>
    </ClInclude>
  </ItemGroup>
</Project>